
Microsoft Visual Studio Solution File, Format Version 12.00
# Visual Studio Version 16
VisualStudioVersion = 16.0.31205.134
MinimumVisualStudioVersion = 10.0.40219.1
Project("{FAE04EC0-301F-11D3-BF4B-00C04F79EFBC}") = "Tp5", "Tp5\Tp5.csproj", "{D87B716D-BD31-43BE-A38B-FF5795FCA760}"
EndProject
Global
	GlobalSection(SolutionConfigurationPlatforms) = preSolution
		Debug|Any CPU = Debug|Any CPU
		Release|Any CPU = Release|Any CPU
	EndGlobalSection
	GlobalSection(ProjectConfigurationPlatforms) = postSolution
		{D87B716D-BD31-43BE-A38B-FF5795FCA760}.Debug|Any CPU.ActiveCfg = Debug|Any CPU
		{D87B716D-BD31-43BE-A38B-FF5795FCA760}.Debug|Any CPU.Build.0 = Debug|Any CPU
		{D87B716D-BD31-43BE-A38B-FF5795FCA760}.Release|Any CPU.ActiveCfg = Release|Any CPU
		{D87B716D-BD31-43BE-A38B-FF5795FCA760}.Release|Any CPU.Build.0 = Release|Any CPU
	EndGlobalSection
	GlobalSection(SolutionProperties) = preSolution
		HideSolutionNode = FALSE
	EndGlobalSection
	GlobalSection(ExtensibilityGlobals) = postSolution
		SolutionGuid = {9D9A276A-3360-4ABF-A8F4-28D8310D16B1}
	EndGlobalSection
EndGlobal
